
Microsoft Visual Studio Solution File, Format Version 12.00
Project("{FAE04EC0-301F-11D3-BF4B-00C04F79EFBC}") = "LiskovSubstitutionPrinciple", "LiskovSubstitutionPrinciple.csproj", "{A1318269-E7C3-45A2-BB66-1A894DB6628E}"
EndProject
Global
	GlobalSection(SolutionConfigurationPlatforms) = preSolution
		Debug|Any CPU = Debug|Any CPU
		Release|Any CPU = Release|Any CPU
	EndGlobalSection
	GlobalSection(ProjectConfigurationPlatforms) = postSolution
		{A1318269-E7C3-45A2-BB66-1A894DB6628E}.Debug|Any CPU.ActiveCfg = Debug|Any CPU
		{A1318269-E7C3-45A2-BB66-1A894DB6628E}.Debug|Any CPU.Build.0 = Debug|Any CPU
		{A1318269-E7C3-45A2-BB66-1A894DB6628E}.Release|Any CPU.ActiveCfg = Release|Any CPU
		{A1318269-E7C3-45A2-BB66-1A894DB6628E}.Release|Any CPU.Build.0 = Release|Any CPU
	EndGlobalSection
EndGlobal
